
Microsoft Visual Studio Solution File, Format Version 12.00
# Visual Studio 15
VisualStudioVersion = 15.0.27130.2024
MinimumVisualStudioVersion = 10.0.40219.1
Project("{9A19103F-16F7-4668-BE54-9A1E7A4F7556}") = "ReverseString", "ReverseString.csproj", "{2FF34405-0527-4E6E-BC86-146A5D13E650}"
EndProject
Global
	GlobalSection(SolutionConfigurationPlatforms) = preSolution
		Debug|Any CPU = Debug|Any CPU
		Release|Any CPU = Release|Any CPU
	EndGlobalSection
	GlobalSection(ProjectConfigurationPlatforms) = postSolution
		{2FF34405-0527-4E6E-BC86-146A5D13E650}.Debug|Any CPU.ActiveCfg = Debug|Any CPU
		{2FF34405-0527-4E6E-BC86-146A5D13E650}.Debug|Any CPU.Build.0 = Debug|Any CPU
		{2FF34405-0527-4E6E-BC86-146A5D13E650}.Release|Any CPU.ActiveCfg = Release|Any CPU
		{2FF34405-0527-4E6E-BC86-146A5D13E650}.Release|Any CPU.Build.0 = Release|Any CPU
	EndGlobalSection
	GlobalSection(SolutionProperties) = preSolution
		HideSolutionNode = FALSE
	EndGlobalSection
	GlobalSection(ExtensibilityGlobals) = postSolution
		SolutionGuid = {4C34ABF4-5071-4B2A-89FD-D70DAF1F052F}
	EndGlobalSection
EndGlobal
